{
  "name": "interior_bake",
  "version": "1.0.0",
  "lockfileVersion": 1,
  "requires": true,
  "dependencies": {
    "toastify-js": {
      "version": "1.10.0",
      "resolved": "https://registry.npmjs.org/toastify-js/-/toastify-js-1.10.0.tgz",
      "integrity": "sha512-xuO499S1sw9gTdiBkZSMNE4sIoiQv/y0y534F7g2dcprVMAJZIdtOaphqiQlNJPfh0YQFDvgD4R3KcX5r94cAQ=="
    }
  }
}
